Microsoft Visual Studio Solution File, Format Version 12.00
# Visual Studio Version 17
VisualStudioVersion = 17.5.2.0
MinimumVisualStudioVersion = 10.0.40219.1
Project("{FAE04EC0-301F-11D3-BF4B-00C04F79EFBC}") = "UsersApp", "UsersApp.csproj", "{B69D1783-EDE4-CFEF-A2B4-B463B0E5967E}"
EndProject
Global
	GlobalSection(SolutionConfigurationPlatforms) = preSolution
		Debug|Any CPU = Debug|Any CPU
		Release|Any CPU = Release|Any CPU
	EndGlobalSection
	GlobalSection(ProjectConfigurationPlatforms) = postSolution
		{B69D1783-EDE4-CFEF-A2B4-B463B0E5967E}.Debug|Any CPU.ActiveCfg = Debug|Any CPU
		{B69D1783-EDE4-CFEF-A2B4-B463B0E5967E}.Debug|Any CPU.Build.0 = Debug|Any CPU
		{B69D1783-EDE4-CFEF-A2B4-B463B0E5967E}.Release|Any CPU.ActiveCfg = Release|Any CPU
		{B69D1783-EDE4-CFEF-A2B4-B463B0E5967E}.Release|Any CPU.Build.0 = Release|Any CPU
	EndGlobalSection
	GlobalSection(SolutionProperties) = preSolution
		HideSolutionNode = FALSE
	EndGlobalSection
	GlobalSection(ExtensibilityGlobals) = postSolution
		SolutionGuid = {591C5739-7EB0-414B-B218-B3A906970531}
	EndGlobalSection
EndGlobal
